{
  "version": 4,
  "terraform_version": "1.15.4",
  "serial": 9,
  "lineage": "e0d2cf04-b450-5413-9569-1d4c22f808bb",
  "outputs": {
    "instance_id": {
      "value": "3794353160915408989",
      "type": "string"
    },
    "instance_name": {
      "value": "nginx-vm",
      "type": "string"
    },
    "nginx_url": {
      "value": "http://34.46.20.122",
      "type": "string"
    },
    "public_ip": {
      "value": "34.46.20.122",
      "type": "string"
    },
    "ssh_command": {
      "value": "gcloud compute ssh nginx-vm --zone=us-central1-a --project=project-75c809f3-652f-4ed3-a4c",
      "type": "string"
    }
  },
  "resources": [
    {
      "mode": "managed",
      "type": "google_compute_address",
      "name": "nginx",
      "provider": "provider[\"registry.terraform.io/hashicorp/google\"]",
      "instances": [
        {
          "schema_version": 0,
          "attributes": {
            "address": "34.46.20.122",
            "address_type": "EXTERNAL",
            "creation_timestamp": "2026-05-24T23:05:25.141-07:00",
            "description": "",
            "effective_labels": {},
            "id": "projects/project-75c809f3-652f-4ed3-a4c/regions/us-central1/addresses/nginx-static-ip",
            "ip_version": "",
            "ipv6_endpoint_type": "",
            "label_fingerprint": "42WmSpB8rSM=",
            "labels": null,
            "name": "nginx-static-ip",
            "network": "",
            "network_tier": "PREMIUM",
            "prefix_length": 0,
            "project": "project-75c809f3-652f-4ed3-a4c",
            "purpose": "",
            "region": "us-central1",
            "self_link": "https://www.googleapis.com/compute/v1/projects/project-75c809f3-652f-4ed3-a4c/regions/us-central1/addresses/nginx-static-ip",
            "subnetwork": "",
            "terraform_labels": {},
            "timeouts": null,
            "users": []
          },
          "sensitive_attributes": [],
          "identity_schema_version": 0,
          "private": "eyJlMmJmYjczMC1lY2FhLTExZTYtOGY4OC0zNDM2M2JjN2M0YzAiOnsiY3JlYXRlIjoxMjAwMDAwMDAwMDAwLCJkZWxldGUiOjEyMDAwMDAwMDAwMDAsInVwZGF0ZSI6MTIwMDAwMDAwMDAwMH19"
        }
      ]
    },
    {
      "mode": "managed",
      "type": "google_compute_firewall",
      "name": "allow_http",
      "provider": "provider[\"registry.terraform.io/hashicorp/google\"]",
      "instances": [
        {
          "schema_version": 1,
          "attributes": {
            "allow": [
              {
                "ports": [
                  "80"
                ],
                "protocol": "tcp"
              }
            ],
            "creation_timestamp": "2026-05-24T23:05:23.480-07:00",
            "deny": [],
            "description": "",
            "destination_ranges": [],
            "direction": "INGRESS",
            "disabled": false,
            "enable_logging": null,
            "id": "projects/project-75c809f3-652f-4ed3-a4c/global/firewalls/nginx-allow-http",
            "log_config": [],
            "name": "nginx-allow-http",
            "network": "https://www.googleapis.com/compute/v1/projects/project-75c809f3-652f-4ed3-a4c/global/networks/default",
            "priority": 1000,
            "project": "project-75c809f3-652f-4ed3-a4c",
            "self_link": "https://www.googleapis.com/compute/v1/projects/project-75c809f3-652f-4ed3-a4c/global/firewalls/nginx-allow-http",
            "source_ranges": [
              "0.0.0.0/0"
            ],
            "source_service_accounts": null,
            "source_tags": null,
            "target_service_accounts": null,
            "target_tags": [
              "nginx-server"
            ],
            "timeouts": null
          },
          "sensitive_attributes": [],
          "identity_schema_version": 0,
          "private": "eyJlMmJmYjczMC1lY2FhLTExZTYtOGY4OC0zNDM2M2JjN2M0YzAiOnsiY3JlYXRlIjoxMjAwMDAwMDAwMDAwLCJkZWxldGUiOjEyMDAwMDAwMDAwMDAsInVwZGF0ZSI6MTIwMDAwMDAwMDAwMH0sInNjaGVtYV92ZXJzaW9uIjoiMSJ9"
        }
      ]
    },
    {
      "mode": "managed",
      "type": "google_compute_firewall",
      "name": "allow_ssh",
      "provider": "provider[\"registry.terraform.io/hashicorp/google\"]",
      "instances": [
        {
          "schema_version": 1,
          "attributes": {
            "allow": [
              {
                "ports": [
                  "22"
                ],
                "protocol": "tcp"
              }
            ],
            "creation_timestamp": "2026-05-24T23:05:24.705-07:00",
            "deny": [],
            "description": "",
            "destination_ranges": [],
            "direction": "INGRESS",
            "disabled": false,
            "enable_logging": null,
            "id": "projects/project-75c809f3-652f-4ed3-a4c/global/firewalls/nginx-allow-ssh",
            "log_config": [],
            "name": "nginx-allow-ssh",
            "network": "https://www.googleapis.com/compute/v1/projects/project-75c809f3-652f-4ed3-a4c/global/networks/default",
            "priority": 1000,
            "project": "project-75c809f3-652f-4ed3-a4c",
            "self_link": "https://www.googleapis.com/compute/v1/projects/project-75c809f3-652f-4ed3-a4c/global/firewalls/nginx-allow-ssh",
            "source_ranges": [
              "0.0.0.0/0"
            ],
            "source_service_accounts": null,
            "source_tags": null,
            "target_service_accounts": null,
            "target_tags": [
              "nginx-server"
            ],
            "timeouts": null
          },
          "sensitive_attributes": [],
          "identity_schema_version": 0,
          "private": "eyJlMmJmYjczMC1lY2FhLTExZTYtOGY4OC0zNDM2M2JjN2M0YzAiOnsiY3JlYXRlIjoxMjAwMDAwMDAwMDAwLCJkZWxldGUiOjEyMDAwMDAwMDAwMDAsInVwZGF0ZSI6MTIwMDAwMDAwMDAwMH0sInNjaGVtYV92ZXJzaW9uIjoiMSJ9"
        }
      ]
    },
    {
      "mode": "managed",
      "type": "google_compute_instance",
      "name": "nginx",
      "provider": "provider[\"registry.terraform.io/hashicorp/google\"]",
      "instances": [
        {
          "schema_version": 6,
          "attributes": {
            "advanced_machine_features": [],
            "allow_stopping_for_update": null,
            "attached_disk": [],
            "boot_disk": [
              {
                "auto_delete": true,
                "device_name": "persistent-disk-0",
                "disk_encryption_key_raw": "",
                "disk_encryption_key_sha256": "",
                "initialize_params": [
                  {
                    "enable_confidential_compute": false,
                    "image": "https://www.googleapis.com/compute/v1/projects/debian-cloud/global/images/debian-12-bookworm-v20260513",
                    "labels": {},
                    "provisioned_iops": 0,
                    "provisioned_throughput": 0,
                    "resource_manager_tags": null,
                    "size": 10,
                    "storage_pool": "",
                    "type": "pd-standard"
                  }
                ],
                "kms_key_self_link": "",
                "mode": "READ_WRITE",
                "source": "https://www.googleapis.com/compute/v1/projects/project-75c809f3-652f-4ed3-a4c/zones/us-central1-a/disks/nginx-vm"
              }
            ],
            "can_ip_forward": false,
            "confidential_instance_config": [],
            "cpu_platform": "Intel Broadwell",
            "current_status": "RUNNING",
            "deletion_protection": false,
            "description": "",
            "desired_status": null,
            "effective_labels": {
              "name": "nginx-vm"
            },
            "enable_display": false,
            "guest_accelerator": [],
            "hostname": "",
            "id": "projects/project-75c809f3-652f-4ed3-a4c/zones/us-central1-a/instances/nginx-vm",
            "instance_id": "3794353160915408989",
            "label_fingerprint": "xesIESTQXjo=",
            "labels": {
              "name": "nginx-vm"
            },
            "machine_type": "e2-micro",
            "metadata": null,
            "metadata_fingerprint": "rqE-cdQ3DXo=",
            "metadata_startup_script": "#!/bin/bash\napt-get update -y\napt-get install -y nginx\nsystemctl start nginx\nsystemctl enable nginx\n",
            "min_cpu_platform": "",
            "name": "nginx-vm",
            "network_interface": [
              {
                "access_config": [
                  {
                    "nat_ip": "34.46.20.122",
                    "network_tier": "PREMIUM",
                    "public_ptr_domain_name": ""
                  }
                ],
                "alias_ip_range": [],
                "internal_ipv6_prefix_length": 0,
                "ipv6_access_config": [],
                "ipv6_access_type": "",
                "ipv6_address": "",
                "name": "nic0",
                "network": "https://www.googleapis.com/compute/v1/projects/project-75c809f3-652f-4ed3-a4c/global/networks/default",
                "network_ip": "10.128.0.2",
                "nic_type": "",
                "queue_count": 0,
                "stack_type": "IPV4_ONLY",
                "subnetwork": "https://www.googleapis.com/compute/v1/projects/project-75c809f3-652f-4ed3-a4c/regions/us-central1/subnetworks/default",
                "subnetwork_project": "project-75c809f3-652f-4ed3-a4c"
              }
            ],
            "network_performance_config": [],
            "params": [],
            "project": "project-75c809f3-652f-4ed3-a4c",
            "reservation_affinity": [],
            "resource_policies": null,
            "scheduling": [
              {
                "automatic_restart": true,
                "instance_termination_action": "",
                "local_ssd_recovery_timeout": [],
                "max_run_duration": [],
                "min_node_cpus": 0,
                "node_affinities": [],
                "on_host_maintenance": "MIGRATE",
                "on_instance_stop_action": [],
                "preemptible": false,
                "provisioning_model": "STANDARD"
              }
            ],
            "scratch_disk": [],
            "self_link": "https://www.googleapis.com/compute/v1/projects/project-75c809f3-652f-4ed3-a4c/zones/us-central1-a/instances/nginx-vm",
            "service_account": [],
            "shielded_instance_config": [
              {
                "enable_integrity_monitoring": true,
                "enable_secure_boot": false,
                "enable_vtpm": true
              }
            ],
            "tags": [
              "nginx-server"
            ],
            "tags_fingerprint": "mVdp3NT8oTk=",
            "terraform_labels": {
              "name": "nginx-vm"
            },
            "timeouts": null,
            "zone": "us-central1-a"
          },
          "sensitive_attributes": [
            [
              {
                "type": "get_attr",
                "value": "boot_disk"
              },
              {
                "type": "index",
                "value": {
                  "value": 0,
                  "type": "number"
                }
              },
              {
                "type": "get_attr",
                "value": "disk_encryption_key_raw"
              }
            ]
          ],
          "identity_schema_version": 0,
          "private": "eyJlMmJmYjczMC1lY2FhLTExZTYtOGY4OC0zNDM2M2JjN2M0YzAiOnsiY3JlYXRlIjoxMjAwMDAwMDAwMDAwLCJkZWxldGUiOjEyMDAwMDAwMDAwMDAsInVwZGF0ZSI6MTIwMDAwMDAwMDAwMH0sInNjaGVtYV92ZXJzaW9uIjoiNiJ9",
          "dependencies": [
            "google_compute_address.nginx"
          ]
        }
      ]
    }
  ],
  "check_results": null
}
